
Microsoft Visual Studio Solution File, Format Version 12.00
# Visual Studio Version 17
VisualStudioVersion = 17.14.36511.14 d17.14
MinimumVisualStudioVersion = 10.0.40219.1
Project("{FAE04EC0-301F-11D3-BF4B-00C04F79EFBC}") = "LinhLong.Api", "LinhLong.Api\LinhLong.Api.csproj", "{DE3FB00D-02D9-41FF-B9CF-E96EEDB8DE95}"
EndProject
Project("{FAE04EC0-301F-11D3-BF4B-00C04F79EFBC}") = "LinhLong.Infrastructure", "LinhLong.Infrastructure\LinhLong.Infrastructure.csproj", "{D23B8FAB-6AC6-4DB3-AEE6-08181F24CC8B}"
EndProject
Project("{FAE04EC0-301F-11D3-BF4B-00C04F79EFBC}") = "LinhLong.Application", "LinhLong.Application\LinhLong.Application.csproj", "{401A157F-62EE-4781-B071-722C94DFD2F8}"
EndProject
Project("{FAE04EC0-301F-11D3-BF4B-00C04F79EFBC}") = "LinhLong.Domain", "LinhLong.Domain\LinhLong.Domain.csproj", "{7138A337-DAEF-48AC-804C-405D9127374F}"
EndProject
Global
	GlobalSection(SolutionConfigurationPlatforms) = preSolution
		Debug|Any CPU = Debug|Any CPU
		Release|Any CPU = Release|Any CPU
	EndGlobalSection
	GlobalSection(ProjectConfigurationPlatforms) = postSolution
		{DE3FB00D-02D9-41FF-B9CF-E96EEDB8DE95}.Debug|Any CPU.ActiveCfg = Debug|Any CPU
		{DE3FB00D-02D9-41FF-B9CF-E96EEDB8DE95}.Debug|Any CPU.Build.0 = Debug|Any CPU
		{DE3FB00D-02D9-41FF-B9CF-E96EEDB8DE95}.Release|Any CPU.ActiveCfg = Release|Any CPU
		{DE3FB00D-02D9-41FF-B9CF-E96EEDB8DE95}.Release|Any CPU.Build.0 = Release|Any CPU
		{D23B8FAB-6AC6-4DB3-AEE6-08181F24CC8B}.Debug|Any CPU.ActiveCfg = Debug|Any CPU
		{D23B8FAB-6AC6-4DB3-AEE6-08181F24CC8B}.Debug|Any CPU.Build.0 = Debug|Any CPU
		{D23B8FAB-6AC6-4DB3-AEE6-08181F24CC8B}.Release|Any CPU.ActiveCfg = Release|Any CPU
		{D23B8FAB-6AC6-4DB3-AEE6-08181F24CC8B}.Release|Any CPU.Build.0 = Release|Any CPU
		{401A157F-62EE-4781-B071-722C94DFD2F8}.Debug|Any CPU.ActiveCfg = Debug|Any CPU
		{401A157F-62EE-4781-B071-722C94DFD2F8}.Debug|Any CPU.Build.0 = Debug|Any CPU
		{401A157F-62EE-4781-B071-722C94DFD2F8}.Release|Any CPU.ActiveCfg = Release|Any CPU
		{401A157F-62EE-4781-B071-722C94DFD2F8}.Release|Any CPU.Build.0 = Release|Any CPU
		{7138A337-DAEF-48AC-804C-405D9127374F}.Debug|Any CPU.ActiveCfg = Debug|Any CPU
		{7138A337-DAEF-48AC-804C-405D9127374F}.Debug|Any CPU.Build.0 = Debug|Any CPU
		{7138A337-DAEF-48AC-804C-405D9127374F}.Release|Any CPU.ActiveCfg = Release|Any CPU
		{7138A337-DAEF-48AC-804C-405D9127374F}.Release|Any CPU.Build.0 = Release|Any CPU
	EndGlobalSection
	GlobalSection(SolutionProperties) = preSolution
		HideSolutionNode = FALSE
	EndGlobalSection
	GlobalSection(ExtensibilityGlobals) = postSolution
		SolutionGuid = {3591A302-5011-4437-9C2E-CA61CBB882B5}
	EndGlobalSection
EndGlobal
